
Microsoft Visual Studio Solution File, Format Version 12.00
# Visual Studio Version 16
VisualStudioVersion = 16.0.31205.134
MinimumVisualStudioVersion = 15.0.26124.0
Project("{9A19103F-16F7-4668-BE54-9A1E7A4F7556}") = "Client", "Client\Client.csproj", "{0B762D42-F412-4842-BDB0-325E10F6E9E5}"
EndProject
Project("{9A19103F-16F7-4668-BE54-9A1E7A4F7556}") = "Server", "Server\Server.csproj", "{65F4F3E7-16A6-48F3-9950-E887E0300F3F}"
EndProject
Global
	GlobalSection(SolutionConfigurationPlatforms) = preSolution
		Debug|Any CPU = Debug|Any CPU
		Debug|x64 = Debug|x64
		Debug|x86 = Debug|x86
		Release|Any CPU = Release|Any CPU
		Release|x64 = Release|x64
		Release|x86 = Release|x86
	EndGlobalSection
	GlobalSection(ProjectConfigurationPlatforms) = postSolution
		{0B762D42-F412-4842-BDB0-325E10F6E9E5}.Debug|Any CPU.ActiveCfg = Debug|Any CPU
		{0B762D42-F412-4842-BDB0-325E10F6E9E5}.Debug|Any CPU.Build.0 = Debug|Any CPU
		{0B762D42-F412-4842-BDB0-325E10F6E9E5}.Debug|x64.ActiveCfg = Debug|Any CPU
		{0B762D42-F412-4842-BDB0-325E10F6E9E5}.Debug|x64.Build.0 = Debug|Any CPU
		{0B762D42-F412-4842-BDB0-325E10F6E9E5}.Debug|x86.ActiveCfg = Debug|Any CPU
		{0B762D42-F412-4842-BDB0-325E10F6E9E5}.Debug|x86.Build.0 = Debug|Any CPU
		{0B762D42-F412-4842-BDB0-325E10F6E9E5}.Release|Any CPU.ActiveCfg = Release|Any CPU
		{0B762D42-F412-4842-BDB0-325E10F6E9E5}.Release|Any CPU.Build.0 = Release|Any CPU
		{0B762D42-F412-4842-BDB0-325E10F6E9E5}.Release|x64.ActiveCfg = Release|Any CPU
		{0B762D42-F412-4842-BDB0-325E10F6E9E5}.Release|x64.Build.0 = Release|Any CPU
		{0B762D42-F412-4842-BDB0-325E10F6E9E5}.Release|x86.ActiveCfg = Release|Any CPU
		{0B762D42-F412-4842-BDB0-325E10F6E9E5}.Release|x86.Build.0 = Release|Any CPU
		{65F4F3E7-16A6-48F3-9950-E887E0300F3F}.Debug|Any CPU.ActiveCfg = Debug|Any CPU
		{65F4F3E7-16A6-48F3-9950-E887E0300F3F}.Debug|Any CPU.Build.0 = Debug|Any CPU
		{65F4F3E7-16A6-48F3-9950-E887E0300F3F}.Debug|x64.ActiveCfg = Debug|Any CPU
		{65F4F3E7-16A6-48F3-9950-E887E0300F3F}.Debug|x64.Build.0 = Debug|Any CPU
		{65F4F3E7-16A6-48F3-9950-E887E0300F3F}.Debug|x86.ActiveCfg = Debug|Any CPU
		{65F4F3E7-16A6-48F3-9950-E887E0300F3F}.Debug|x86.Build.0 = Debug|Any CPU
		{65F4F3E7-16A6-48F3-9950-E887E0300F3F}.Release|Any CPU.ActiveCfg = Release|Any CPU
		{65F4F3E7-16A6-48F3-9950-E887E0300F3F}.Release|Any CPU.Build.0 = Release|Any CPU
		{65F4F3E7-16A6-48F3-9950-E887E0300F3F}.Release|x64.ActiveCfg = Release|Any CPU
		{65F4F3E7-16A6-48F3-9950-E887E0300F3F}.Release|x64.Build.0 = Release|Any CPU
		{65F4F3E7-16A6-48F3-9950-E887E0300F3F}.Release|x86.ActiveCfg = Release|Any CPU
		{65F4F3E7-16A6-48F3-9950-E887E0300F3F}.Release|x86.Build.0 = Release|Any CPU
	EndGlobalSection
	GlobalSection(SolutionProperties) = preSolution
		HideSolutionNode = FALSE
	EndGlobalSection
	GlobalSection(ExtensibilityGlobals) = postSolution
		SolutionGuid = {0716A95B-75E2-4C76-B18D-85F39535F164}
	EndGlobalSection
EndGlobal
